
Microsoft Visual Studio Solution File, Format Version 12.00
# Visual Studio Version 17
VisualStudioVersion = 17.8.34309.116
MinimumVisualStudioVersion = 10.0.40219.1
Project("{FAE04EC0-301F-11D3-BF4B-00C04F79EFBC}") = "APP_template", "APP_template\APP_template.csproj", "{E24E7C58-0F0E-4747-9D99-D99375C53B9E}"
EndProject
Global
	GlobalSection(SolutionConfigurationPlatforms) = preSolution
		Debug|Any CPU = Debug|Any CPU
		Release|Any CPU = Release|Any CPU
	EndGlobalSection
	GlobalSection(ProjectConfigurationPlatforms) = postSolution
		{E24E7C58-0F0E-4747-9D99-D99375C53B9E}.Debug|Any CPU.ActiveCfg = Debug|Any CPU
		{E24E7C58-0F0E-4747-9D99-D99375C53B9E}.Debug|Any CPU.Build.0 = Debug|Any CPU
		{E24E7C58-0F0E-4747-9D99-D99375C53B9E}.Release|Any CPU.ActiveCfg = Release|Any CPU
		{E24E7C58-0F0E-4747-9D99-D99375C53B9E}.Release|Any CPU.Build.0 = Release|Any CPU
	EndGlobalSection
	GlobalSection(SolutionProperties) = preSolution
		HideSolutionNode = FALSE
	EndGlobalSection
	GlobalSection(ExtensibilityGlobals) = postSolution
		SolutionGuid = {764700D5-93F8-4EFB-A699-090020CB21A2}
	EndGlobalSection
EndGlobal
